
Microsoft Visual Studio Solution File, Format Version 12.00
# Visual Studio Version 17
VisualStudioVersion = 17.1.32407.343
MinimumVisualStudioVersion = 10.0.40219.1
Project("{9A19103F-16F7-4668-BE54-9A1E7A4F7556}") = "Natural Feelings Admi", "Natural Feelings Admi.csproj", "{C935DB08-4922-42A1-B0E9-2A13EDB0C0BB}"
EndProject
Global
	GlobalSection(SolutionConfigurationPlatforms) = preSolution
		Debug|Any CPU = Debug|Any CPU
		Release|Any CPU = Release|Any CPU
	EndGlobalSection
	GlobalSection(ProjectConfigurationPlatforms) = postSolution
		{C935DB08-4922-42A1-B0E9-2A13EDB0C0BB}.Debug|Any CPU.ActiveCfg = Debug|Any CPU
		{C935DB08-4922-42A1-B0E9-2A13EDB0C0BB}.Debug|Any CPU.Build.0 = Debug|Any CPU
		{C935DB08-4922-42A1-B0E9-2A13EDB0C0BB}.Release|Any CPU.ActiveCfg = Release|Any CPU
		{C935DB08-4922-42A1-B0E9-2A13EDB0C0BB}.Release|Any CPU.Build.0 = Release|Any CPU
	EndGlobalSection
	GlobalSection(SolutionProperties) = preSolution
		HideSolutionNode = FALSE
	EndGlobalSection
	GlobalSection(ExtensibilityGlobals) = postSolution
		SolutionGuid = {F4350CFE-BFAC-4048-B828-56F5CEB69C03}
	EndGlobalSection
EndGlobal
